// !$*UTF8*$!
{
	archiveVersion = 1;
	classes = {
	};
	objectVersion = 48;
	objects = {

/* Begin PBXBuildFile section */
		1C840C76270AE3C73EDAB85D /* Pods_Invite.framework in Frameworks */ = {isa = PBXBuildFile; fileRef = 906F24D78027CDEE9BFE0F9D /* Pods_Invite.framework */; };
		7F0D01CC1F8E8DBF0051B7C5 /* Info.plist in Resources */ = {isa = PBXBuildFile; fileRef = 7F9E3CDD1F8D2F5F006378F0 /* Info.plist */; };
		7F0D01CD1F8E8DC20051B7C5 /* GoogleService-Info.plist in Resources */ = {isa = PBXBuildFile; fileRef = 7F9E3CF11F8D4768006378F0 /* GoogleService-Info.plist */; };
		7F0E5A191F8FEB4A0026D358 /* UserProfile.swift in Sources */ = {isa = PBXBuildFile; fileRef = 7F0E5A181F8FEB4A0026D358 /* UserProfile.swift */; };
		7F0E5A221F8FF2DB0026D358 /* SignInFirebaseViewController.swift in Sources */ = {isa = PBXBuildFile; fileRef = 7F0E5A211F8FF2DB0026D358 /* SignInFirebaseViewController.swift */; };
		7F11986B1F911B810086DF66 /* AuthUser.swift in Sources */ = {isa = PBXBuildFile; fileRef = 7F11986A1F911B810086DF66 /* AuthUser.swift */; };
		7F11986E1F9136BC0086DF66 /* FirebaseUserModel.swift in Sources */ = {isa = PBXBuildFile; fileRef = 7F11986D1F9136BC0086DF66 /* FirebaseUserModel.swift */; };
		7F9E3CD21F8D2F5F006378F0 /* AppDelegate.swift in Sources */ = {isa = PBXBuildFile; fileRef = 7F9E3CD11F8D2F5F006378F0 /* AppDelegate.swift */; };
		7F9E3CD71F8D2F5F006378F0 /* Main.storyboard in Resources */ = {isa = PBXBuildFile; fileRef = 7F9E3CD51F8D2F5F006378F0 /* Main.storyboard */; };
		7F9E3CD91F8D2F5F006378F0 /* Assets.xcassets in Resources */ = {isa = PBXBuildFile; fileRef = 7F9E3CD81F8D2F5F006378F0 /* Assets.xcassets */; };
		7F9E3CDC1F8D2F5F006378F0 /* LaunchScreen.storyboard in Resources */ = {isa = PBXBuildFile; fileRef = 7F9E3CDA1F8D2F5F006378F0 /* LaunchScreen.storyboard */; };
		7F9E3CE41F8D3288006378F0 /* SignInViewController.swift in Sources */ = {isa = PBXBuildFile; fileRef = 7F9E3CE31F8D3288006378F0 /* SignInViewController.swift */; };
		7F9E3CE61F8D38F8006378F0 /* SignUpViewController.swift in Sources */ = {isa = PBXBuildFile; fileRef = 7F9E3CE51F8D38F8006378F0 /* SignUpViewController.swift */; };
		7F9E3CE91F8D3952006378F0 /* PatyViewController.swift in Sources */ = {isa = PBXBuildFile; fileRef = 7F9E3CE81F8D3952006378F0 /* PatyViewController.swift */; };
		7F9E3CEB1F8D39CA006378F0 /* UserCabViewController.swift in Sources */ = {isa = PBXBuildFile; fileRef = 7F9E3CEA1F8D39CA006378F0 /* UserCabViewController.swift */; };
		7F9E3CEE1F8D447C006378F0 /* Utils.swift in Sources */ = {isa = PBXBuildFile; fileRef = 7F9E3CED1F8D447C006378F0 /* Utils.swift */; };
		7FC6B5AF1F953B030019079F /* FBSDKShareKit.framework in Frameworks */ = {isa = PBXBuildFile; fileRef = 7FC6B59D1F953A660019079F /* FBSDKShareKit.framework */; };
		7FC6B5B01F953B030019079F /* FBSDKCoreKit.framework in Frameworks */ = {isa = PBXBuildFile; fileRef = 7FC6B59E1F953A660019079F /* FBSDKCoreKit.framework */; };
		7FC6B5B11F953B030019079F /* FBSDKLoginKit.framework in Frameworks */ = {isa = PBXBuildFile; fileRef = 7FC6B59C1F953A660019079F /* FBSDKLoginKit.framework */; };
/* End PBXBuildFile section */

/* Begin PBXFileReference section */
		483F22F6F54B72CD3631CDF1 /* Pods-Invite.release.xcconfig */ = {isa = PBXFileReference; includeInIndex = 1; lastKnownFileType = text.xcconfig; name = "Pods-Invite.release.xcconfig"; path = "Pods/Target Support Files/Pods-Invite/Pods-Invite.release.xcconfig"; sourceTree = "<group>"; };
		7F0D01D01F8EA0300051B7C5 /* FBSDKShareKit.framework */ = {isa = PBXFileReference; explicitFileType = wrapper.framework; path = FBSDKShareKit.framework; sourceTree = BUILT_PRODUCTS_DIR; };
		7F0D01D11F8EAB620051B7C5 /* iAd.framework */ = {isa = PBXFileReference; lastKnownFileType = wrapper.framework; name = iAd.framework; path = System/Library/Frameworks/iAd.framework; sourceTree = SDKROOT; };
		7F0D01D31F8EAB770051B7C5 /* AdSupport.framework */ = {isa = PBXFileReference; lastKnownFileType = wrapper.framework; name = AdSupport.framework; path = System/Library/Frameworks/AdSupport.framework; sourceTree = SDKROOT; };
		7F0E5A181F8FEB4A0026D358 /* UserProfile.swift */ = {isa = PBXFileReference; lastKnownFileType = sourcecode.swift; path = UserProfile.swift; sourceTree = "<group>"; };
		7F0E5A1A1F8FEC5D0026D358 /* Convertible.swift */ = {isa = PBXFileReference; lastKnownFileType = sourcecode.swift; path = Convertible.swift; sourceTree = "<group>"; };
		7F0E5A1D1F8FECC40026D358 /* ProfileCacheManager.swift */ = {isa = PBXFileReference; lastKnownFileType = sourcecode.swift; path = ProfileCacheManager.swift; sourceTree = "<group>"; };
		7F0E5A1F1F8FED730026D358 /* Cache.swift */ = {isa = PBXFileReference; lastKnownFileType = sourcecode.swift; path = Cache.swift; sourceTree = "<group>"; };
		7F0E5A211F8FF2DB0026D358 /* SignInFirebaseViewController.swift */ = {isa = PBXFileReference; lastKnownFileType = sourcecode.swift; path = SignInFirebaseViewController.swift; sourceTree = "<group>"; };
		7F11986A1F911B810086DF66 /* AuthUser.swift */ = {isa = PBXFileReference; lastKnownFileType = sourcecode.swift; path = AuthUser.swift; sourceTree = "<group>"; };
		7F11986D1F9136BC0086DF66 /* FirebaseUserModel.swift */ = {isa = PBXFileReference; lastKnownFileType = sourcecode.swift; path = FirebaseUserModel.swift; sourceTree = "<group>"; };
		7F9E3CCE1F8D2F5F006378F0 /* Invite.app */ = {isa = PBXFileReference; explicitFileType = wrapper.application; includeInIndex = 0; path = Invite.app; sourceTree = BUILT_PRODUCTS_DIR; };
		7F9E3CD11F8D2F5F006378F0 /* AppDelegate.swift */ = {isa = PBXFileReference; lastKnownFileType = sourcecode.swift; path = AppDelegate.swift; sourceTree = "<group>"; };
		7F9E3CD61F8D2F5F006378F0 /* Base */ = {isa = PBXFileReference; lastKnownFileType = file.storyboard; name = Base; path = Base.lproj/Main.storyboard; sourceTree = "<group>"; };
		7F9E3CD81F8D2F5F006378F0 /* Assets.xcassets */ = {isa = PBXFileReference; lastKnownFileType = folder.assetcatalog; path = Assets.xcassets; sourceTree = "<group>"; };
		7F9E3CDB1F8D2F5F006378F0 /* Base */ = {isa = PBXFileReference; lastKnownFileType = file.storyboard; name = Base; path = Base.lproj/LaunchScreen.storyboard; sourceTree = "<group>"; };
		7F9E3CDD1F8D2F5F006378F0 /* Info.plist */ = {isa = PBXFileReference; lastKnownFileType = text.plist.xml; path = Info.plist; sourceTree = "<group>"; };
		7F9E3CE31F8D3288006378F0 /* SignInViewController.swift */ = {isa = PBXFileReference; lastKnownFileType = sourcecode.swift; path = SignInViewController.swift; sourceTree = "<group>"; };
		7F9E3CE51F8D38F8006378F0 /* SignUpViewController.swift */ = {isa = PBXFileReference; lastKnownFileType = sourcecode.swift; path = SignUpViewController.swift; sourceTree = "<group>"; };
		7F9E3CE81F8D3952006378F0 /* PatyViewController.swift */ = {isa = PBXFileReference; lastKnownFileType = sourcecode.swift; path = PatyViewController.swift; sourceTree = "<group>"; };
		7F9E3CEA1F8D39CA006378F0 /* UserCabViewController.swift */ = {isa = PBXFileReference; lastKnownFileType = sourcecode.swift; path = UserCabViewController.swift; sourceTree = "<group>"; };
		7F9E3CED1F8D447C006378F0 /* Utils.swift */ = {isa = PBXFileReference; lastKnownFileType = sourcecode.swift; path = Utils.swift; sourceTree = "<group>"; };
		7F9E3CF01F8D44EC006378F0 /* FBSDKLoginKit.framework */ = {isa = PBXFileReference; explicitFileType = wrapper.framework; path = FBSDKLoginKit.framework; sourceTree = BUILT_PRODUCTS_DIR; };
		7F9E3CF11F8D4768006378F0 /* GoogleService-Info.plist */ = {isa = PBXFileReference; lastKnownFileType = text.plist.xml; path = "GoogleService-Info.plist"; sourceTree = "<group>"; };
		7F9E3CF31F8D5148006378F0 /* FBSDKCoreKit.framework */ = {isa = PBXFileReference; explicitFileType = wrapper.framework; path = FBSDKCoreKit.framework; sourceTree = BUILT_PRODUCTS_DIR; };
		7FC6B59C1F953A660019079F /* FBSDKLoginKit.framework */ = {isa = PBXFileReference; lastKnownFileType = wrapper.framework; path = FBSDKLoginKit.framework; sourceTree = "<group>"; };
		7FC6B59D1F953A660019079F /* FBSDKShareKit.framework */ = {isa = PBXFileReference; lastKnownFileType = wrapper.framework; path = FBSDKShareKit.framework; sourceTree = "<group>"; };
		7FC6B59E1F953A660019079F /* FBSDKCoreKit.framework */ = {isa = PBXFileReference; lastKnownFileType = wrapper.framework; path = FBSDKCoreKit.framework; sourceTree = "<group>"; };
		7FC6B5B21F953DF50019079F /* Bolts.framework */ = {isa = PBXFileReference; lastKnownFileType = wrapper.framework; path = Bolts.framework; sourceTree = "<group>"; };
		906F24D78027CDEE9BFE0F9D /* Pods_Invite.framework */ = {isa = PBXFileReference; explicitFileType = wrapper.framework; includeInIndex = 0; path = Pods_Invite.framework; sourceTree = BUILT_PRODUCTS_DIR; };
		BB0BCCCAB0B5F6628DBBB6C2 /* Pods-Invite.debug.xcconfig */ = {isa = PBXFileReference; includeInIndex = 1; lastKnownFileType = text.xcconfig; name = "Pods-Invite.debug.xcconfig"; path = "Pods/Target Support Files/Pods-Invite/Pods-Invite.debug.xcconfig"; sourceTree = "<group>"; };
/* End PBXFileReference section */

/* Begin PBXFrameworksBuildPhase section */
		7F9E3CCB1F8D2F5F006378F0 /* Frameworks */ = {
			isa = PBXFrameworksBuildPhase;
			buildActionMask = 2147483647;
			files = (
				7FC6B5AF1F953B030019079F /* FBSDKShareKit.framework in Frameworks */,
				7FC6B5B01F953B030019079F /* FBSDKCoreKit.framework in Frameworks */,
				7FC6B5B11F953B030019079F /* FBSDKLoginKit.framework in Frameworks */,
				1C840C76270AE3C73EDAB85D /* Pods_Invite.framework in Frameworks */,
			);
			runOnlyForDeploymentPostprocessing = 0;
		};
/* End PBXFrameworksBuildPhase section */

/* Begin PBXGroup section */
		7BAD4C9EA92FD1A263B4F436 /* Pods */ = {
			isa = PBXGroup;
			children = (
				BB0BCCCAB0B5F6628DBBB6C2 /* Pods-Invite.debug.xcconfig */,
				483F22F6F54B72CD3631CDF1 /* Pods-Invite.release.xcconfig */,
			);
			name = Pods;
			sourceTree = "<group>";
		};
		7F0E5A0C1F8FE6740026D358 /* DataBase */ = {
			isa = PBXGroup;
			children = (
				7F11986D1F9136BC0086DF66 /* FirebaseUserModel.swift */,
			);
			name = DataBase;
			sourceTree = "<group>";
		};
		7F0E5A141F8FE8AC0026D358 /* Models */ = {
			isa = PBXGroup;
			children = (
				7F0E5A181F8FEB4A0026D358 /* UserProfile.swift */,
			);
			name = Models;
			sourceTree = "<group>";
		};
		7F0E5A1C1F8FECA20026D358 /* Managers */ = {
			isa = PBXGroup;
			children = (
				7F0E5A1D1F8FECC40026D358 /* ProfileCacheManager.swift */,
				7F0E5A1F1F8FED730026D358 /* Cache.swift */,
				7F0E5A1A1F8FEC5D0026D358 /* Convertible.swift */,
			);
			name = Managers;
			sourceTree = "<group>";
		};
		7F11986C1F91355A0086DF66 /* not work vC */ = {
			isa = PBXGroup;
			children = (
				7F0E5A211F8FF2DB0026D358 /* SignInFirebaseViewController.swift */,
				7F9E3CE51F8D38F8006378F0 /* SignUpViewController.swift */,
			);
			name = "not work vC";
			sourceTree = "<group>";
		};
		7F9E3CC51F8D2F5F006378F0 = {
			isa = PBXGroup;
			children = (
				7F9E3CD01F8D2F5F006378F0 /* Invite */,
				7F9E3CCF1F8D2F5F006378F0 /* Products */,
				7BAD4C9EA92FD1A263B4F436 /* Pods */,
				F944E33C648F722DD6A05DE3 /* Frameworks */,
			);
			sourceTree = "<group>";
		};
		7F9E3CCF1F8D2F5F006378F0 /* Products */ = {
			isa = PBXGroup;
			children = (
				7F9E3CCE1F8D2F5F006378F0 /* Invite.app */,
			);
			name = Products;
			sourceTree = "<group>";
		};
		7F9E3CD01F8D2F5F006378F0 /* Invite */ = {
			isa = PBXGroup;
			children = (
				7F0E5A1C1F8FECA20026D358 /* Managers */,
				7F0E5A141F8FE8AC0026D358 /* Models */,
				7F0E5A0C1F8FE6740026D358 /* DataBase */,
				7F9E3CEC1F8D445B006378F0 /* Utils */,
				7F9E3CD11F8D2F5F006378F0 /* AppDelegate.swift */,
				7F9E3CD51F8D2F5F006378F0 /* Main.storyboard */,
				7F9E3CE71F8D3906006378F0 /* ViewControllers */,
				7F9E3CD81F8D2F5F006378F0 /* Assets.xcassets */,
				7F9E3CDA1F8D2F5F006378F0 /* LaunchScreen.storyboard */,
				7F9E3CF11F8D4768006378F0 /* GoogleService-Info.plist */,
				7F9E3CDD1F8D2F5F006378F0 /* Info.plist */,
			);
			path = Invite;
			sourceTree = "<group>";
		};
		7F9E3CE71F8D3906006378F0 /* ViewControllers */ = {
			isa = PBXGroup;
			children = (
				7F11986C1F91355A0086DF66 /* not work vC */,
				7F9E3CE31F8D3288006378F0 /* SignInViewController.swift */,
				7F9E3CE81F8D3952006378F0 /* PatyViewController.swift */,
				7F9E3CEA1F8D39CA006378F0 /* UserCabViewController.swift */,
			);
			name = ViewControllers;
			sourceTree = "<group>";
		};
		7F9E3CEC1F8D445B006378F0 /* Utils */ = {
			isa = PBXGroup;
			children = (
				7F11986A1F911B810086DF66 /* AuthUser.swift */,
				7F9E3CED1F8D447C006378F0 /* Utils.swift */,
			);
			name = Utils;
			sourceTree = "<group>";
		};
		F944E33C648F722DD6A05DE3 /* Frameworks */ = {
			isa = PBXGroup;
			children = (
				7FC6B5B21F953DF50019079F /* Bolts.framework */,
				7FC6B59E1F953A660019079F /* FBSDKCoreKit.framework */,
				7FC6B59C1F953A660019079F /* FBSDKLoginKit.framework */,
				7FC6B59D1F953A660019079F /* FBSDKShareKit.framework */,
				7F0D01D31F8EAB770051B7C5 /* AdSupport.framework */,
				7F0D01D11F8EAB620051B7C5 /* iAd.framework */,
				7F0D01D01F8EA0300051B7C5 /* FBSDKShareKit.framework */,
				7F9E3CF31F8D5148006378F0 /* FBSDKCoreKit.framework */,
				7F9E3CF01F8D44EC006378F0 /* FBSDKLoginKit.framework */,
				906F24D78027CDEE9BFE0F9D /* Pods_Invite.framework */,
			);
			name = Frameworks;
			sourceTree = "<group>";
		};
/* End PBXGroup section */

/* Begin PBXNativeTarget section */
		7F9E3CCD1F8D2F5F006378F0 /* Invite */ = {
			isa = PBXNativeTarget;
			buildConfigurationList = 7F9E3CE01F8D2F5F006378F0 /* Build configuration list for PBXNativeTarget "Invite" */;
			buildPhases = (
				73E3402D2AD4540C884D1BD2 /* [CP] Check Pods Manifest.lock */,
				7F9E3CCA1F8D2F5F006378F0 /* Sources */,
				7F9E3CCB1F8D2F5F006378F0 /* Frameworks */,
				7F9E3CCC1F8D2F5F006378F0 /* Resources */,
				FE81DA1B8017090F9F18D224 /* [CP] Embed Pods Frameworks */,
				C24CFB90EA00212A775025DE /* [CP] Copy Pods Resources */,
			);
			buildRules = (
			);
			dependencies = (
			);
			name = Invite;
			productName = Invite;
			productReference = 7F9E3CCE1F8D2F5F006378F0 /* Invite.app */;
			productType = "com.apple.product-type.application";
		};
/* End PBXNativeTarget section */

/* Begin PBXProject section */
		7F9E3CC61F8D2F5F006378F0 /* Project object */ = {
			isa = PBXProject;
			attributes = {
				LastSwiftUpdateCheck = 0900;
				LastUpgradeCheck = 0900;
				ORGANIZATIONNAME = User1;
				TargetAttributes = {
					7F9E3CCD1F8D2F5F006378F0 = {
						CreatedOnToolsVersion = 9.0;
						ProvisioningStyle = Automatic;
					};
				};
			};
			buildConfigurationList = 7F9E3CC91F8D2F5F006378F0 /* Build configuration list for PBXProject "Invite" */;
			compatibilityVersion = "Xcode 8.0";
			developmentRegion = en;
			hasScannedForEncodings = 0;
			knownRegions = (
				en,
				Base,
			);
			mainGroup = 7F9E3CC51F8D2F5F006378F0;
			productRefGroup = 7F9E3CCF1F8D2F5F006378F0 /* Products */;
			projectDirPath = "";
			projectRoot = "";
			targets = (
				7F9E3CCD1F8D2F5F006378F0 /* Invite */,
			);
		};
/* End PBXProject section */

/* Begin PBXResourcesBuildPhase section */
		7F9E3CCC1F8D2F5F006378F0 /* Resources */ = {
			isa = PBXResourcesBuildPhase;
			buildActionMask = 2147483647;
			files = (
				7F0D01CC1F8E8DBF0051B7C5 /* Info.plist in Resources */,
				7F9E3CDC1F8D2F5F006378F0 /* LaunchScreen.storyboard in Resources */,
				7F0D01CD1F8E8DC20051B7C5 /* GoogleService-Info.plist in Resources */,
				7F9E3CD91F8D2F5F006378F0 /* Assets.xcassets in Resources */,
				7F9E3CD71F8D2F5F006378F0 /* Main.storyboard in Resources */,
			);
			runOnlyForDeploymentPostprocessing = 0;
		};
/* End PBXResourcesBuildPhase section */

/* Begin PBXShellScriptBuildPhase section */
		73E3402D2AD4540C884D1BD2 /* [CP] Check Pods Manifest.lock */ = {
			isa = PBXShellScriptBuildPhase;
			buildActionMask = 2147483647;
			files = (
			);
			inputPaths = (
				"${PODS_PODFILE_DIR_PATH}/Podfile.lock",
				"${PODS_ROOT}/Manifest.lock",
			);
			name = "[CP] Check Pods Manifest.lock";
			outputPaths = (
				"$(DERIVED_FILE_DIR)/Pods-Invite-checkManifestLockResult.txt",
			);
			runOnlyForDeploymentPostprocessing = 0;
			shellPath = /bin/sh;
			shellScript = "diff \"${PODS_PODFILE_DIR_PATH}/Podfile.lock\" \"${PODS_ROOT}/Manifest.lock\" > /dev/null\nif [ $? != 0 ] ; then\n    # print error to STDERR\n    echo \"error: The sandbox is not in sync with the Podfile.lock. Run 'pod install' or update your CocoaPods installation.\" >&2\n    exit 1\nfi\n# This output is used by Xcode 'outputs' to avoid re-running this script phase.\necho \"SUCCESS\" > \"${SCRIPT_OUTPUT_FILE_0}\"\n";
			showEnvVarsInLog = 0;
		};
		C24CFB90EA00212A775025DE /* [CP] Copy Pods Resources */ = {
			isa = PBXShellScriptBuildPhase;
			buildActionMask = 2147483647;
			files = (
			);
			inputPaths = (
				"${SRCROOT}/Pods/Target Support Files/Pods-Invite/Pods-Invite-resources.sh",
				"${PODS_ROOT}/GoogleSignIn/Resources/GoogleSignIn.bundle",
			);
			name = "[CP] Copy Pods Resources";
			outputPaths = (
				"${TARGET_BUILD_DIR}/${UNLOCALIZED_RESOURCES_FOLDER_PATH}",
			);
			runOnlyForDeploymentPostprocessing = 0;
			shellPath = /bin/sh;
			shellScript = "\"${SRCROOT}/Pods/Target Support Files/Pods-Invite/Pods-Invite-resources.sh\"\n";
			showEnvVarsInLog = 0;
		};
		FE81DA1B8017090F9F18D224 /* [CP] Embed Pods Frameworks */ = {
			isa = PBXShellScriptBuildPhase;
			buildActionMask = 2147483647;
			files = (
			);
			inputPaths = (
				"${SRCROOT}/Pods/Target Support Files/Pods-Invite/Pods-Invite-frameworks.sh",
				"${BUILT_PRODUCTS_DIR}/GTMOAuth2/GTMOAuth2.framework",
				"${BUILT_PRODUCTS_DIR}/GTMSessionFetcher/GTMSessionFetcher.framework",
				"${BUILT_PRODUCTS_DIR}/GoogleToolboxForMac/GoogleToolboxForMac.framework",
				"${BUILT_PRODUCTS_DIR}/Locksmith/Locksmith.framework",
				"${BUILT_PRODUCTS_DIR}/leveldb-library/leveldb.framework",
				"${BUILT_PRODUCTS_DIR}/nanopb/nanopb.framework",
			);
			name = "[CP] Embed Pods Frameworks";
			outputPaths = (
				"${TARGET_BUILD_DIR}/${FRAMEWORKS_FOLDER_PATH}/GTMOAuth2.framework",
				"${TARGET_BUILD_DIR}/${FRAMEWORKS_FOLDER_PATH}/GTMSessionFetcher.framework",
				"${TARGET_BUILD_DIR}/${FRAMEWORKS_FOLDER_PATH}/GoogleToolboxForMac.framework",
				"${TARGET_BUILD_DIR}/${FRAMEWORKS_FOLDER_PATH}/Locksmith.framework",
				"${TARGET_BUILD_DIR}/${FRAMEWORKS_FOLDER_PATH}/leveldb.framework",
				"${TARGET_BUILD_DIR}/${FRAMEWORKS_FOLDER_PATH}/nanopb.framework",
			);
			runOnlyForDeploymentPostprocessing = 0;
			shellPath = /bin/sh;
			shellScript = "\"${SRCROOT}/Pods/Target Support Files/Pods-Invite/Pods-Invite-frameworks.sh\"\n";
			showEnvVarsInLog = 0;
		};
/* End PBXShellScriptBuildPhase section */

/* Begin PBXSourcesBuildPhase section */
		7F9E3CCA1F8D2F5F006378F0 /* Sources */ = {
			isa = PBXSourcesBuildPhase;
			buildActionMask = 2147483647;
			files = (
				7F9E3CEB1F8D39CA006378F0 /* UserCabViewController.swift in Sources */,
				7F9E3CE91F8D3952006378F0 /* PatyViewController.swift in Sources */,
				7F0E5A221F8FF2DB0026D358 /* SignInFirebaseViewController.swift in Sources */,
				7F9E3CE61F8D38F8006378F0 /* SignUpViewController.swift in Sources */,
				7F9E3CE41F8D3288006378F0 /* SignInViewController.swift in Sources */,
				7F11986E1F9136BC0086DF66 /* FirebaseUserModel.swift in Sources */,
				7F9E3CD21F8D2F5F006378F0 /* AppDelegate.swift in Sources */,
				7F0E5A191F8FEB4A0026D358 /* UserProfile.swift in Sources */,
				7F11986B1F911B810086DF66 /* AuthUser.swift in Sources */,
				7F9E3CEE1F8D447C006378F0 /* Utils.swift in Sources */,
			);
			runOnlyForDeploymentPostprocessing = 0;
		};
/* End PBXSourcesBuildPhase section */

/* Begin PBXVariantGroup section */
		7F9E3CD51F8D2F5F006378F0 /* Main.storyboard */ = {
			isa = PBXVariantGroup;
			children = (
				7F9E3CD61F8D2F5F006378F0 /* Base */,
			);
			name = Main.storyboard;
			sourceTree = "<group>";
		};
		7F9E3CDA1F8D2F5F006378F0 /* LaunchScreen.storyboard */ = {
			isa = PBXVariantGroup;
			children = (
				7F9E3CDB1F8D2F5F006378F0 /* Base */,
			);
			name = LaunchScreen.storyboard;
			sourceTree = "<group>";
		};
/* End PBXVariantGroup section */

/* Begin XCBuildConfiguration section */
		7F9E3CDE1F8D2F5F006378F0 /* Debug */ = {
			isa = XCBuildConfiguration;
			buildSettings = {
				ALWAYS_SEARCH_USER_PATHS = NO;
				CLANG_ANALYZER_NONNULL = YES;
				CLANG_ANALYZER_NUMBER_OBJECT_CONVERSION = YES_AGGRESSIVE;
				CLANG_CXX_LANGUAGE_STANDARD = "gnu++14";
				CLANG_CXX_LIBRARY = "libc++";
				CLANG_ENABLE_MODULES = YES;
				CLANG_ENABLE_OBJC_ARC = YES;
				CLANG_WARN_BLOCK_CAPTURE_AUTORELEASING = YES;
				CLANG_WARN_BOOL_CONVERSION = YES;
				CLANG_WARN_COMMA = YES;
				CLANG_WARN_CONSTANT_CONVERSION = YES;
				CLANG_WARN_DIRECT_OBJC_ISA_USAGE = YES_ERROR;
				CLANG_WARN_DOCUMENTATION_COMMENTS = YES;
				CLANG_WARN_EMPTY_BODY = YES;
				CLANG_WARN_ENUM_CONVERSION = YES;
				CLANG_WARN_INFINITE_RECURSION = YES;
				CLANG_WARN_INT_CONVERSION = YES;
				CLANG_WARN_NON_LITERAL_NULL_CONVERSION = YES;
				CLANG_WARN_OBJC_LITERAL_CONVERSION = YES;
				CLANG_WARN_OBJC_ROOT_CLASS = YES_ERROR;
				CLANG_WARN_RANGE_LOOP_ANALYSIS = YES;
				CLANG_WARN_STRICT_PROTOTYPES = YES;
				CLANG_WARN_SUSPICIOUS_MOVE = YES;
				CLANG_WARN_UNGUARDED_AVAILABILITY = YES_AGGRESSIVE;
				CLANG_WARN_UNREACHABLE_CODE = YES;
				CLANG_WARN__DUPLICATE_METHOD_MATCH = YES;
				CODE_SIGN_IDENTITY = "iPhone Developer";
				COPY_PHASE_STRIP = NO;
				DEBUG_INFORMATION_FORMAT = dwarf;
				ENABLE_STRICT_OBJC_MSGSEND = YES;
				ENABLE_TESTABILITY = YES;
				GCC_C_LANGUAGE_STANDARD = gnu11;
				GCC_DYNAMIC_NO_PIC = NO;
				GCC_NO_COMMON_BLOCKS = YES;
				GCC_OPTIMIZATION_LEVEL = 0;
				GCC_PREPROCESSOR_DEFINITIONS = (
					"DEBUG=1",
					"$(inherited)",
				);
				GCC_WARN_64_TO_32_BIT_CONVERSION = YES;
				GCC_WARN_ABOUT_RETURN_TYPE = YES_ERROR;
				GCC_WARN_UNDECLARED_SELECTOR = YES;
				GCC_WARN_UNINITIALIZED_AUTOS = YES_AGGRESSIVE;
				GCC_WARN_UNUSED_FUNCTION = YES;
				GCC_WARN_UNUSED_VARIABLE = YES;
				IPHONEOS_DEPLOYMENT_TARGET = 11.0;
				MTL_ENABLE_DEBUG_INFO = YES;
				ONLY_ACTIVE_ARCH = YES;
				SDKROOT = iphoneos;
				SWIFT_ACTIVE_COMPILATION_CONDITIONS = DEBUG;
				SWIFT_OPTIMIZATION_LEVEL = "-Onone";
			};
			name = Debug;
		};
		7F9E3CDF1F8D2F5F006378F0 /* Release */ = {
			isa = XCBuildConfiguration;
			buildSettings = {
				ALWAYS_SEARCH_USER_PATHS = NO;
				CLANG_ANALYZER_NONNULL = YES;
				CLANG_ANALYZER_NUMBER_OBJECT_CONVERSION = YES_AGGRESSIVE;
				CLANG_CXX_LANGUAGE_STANDARD = "gnu++14";
				CLANG_CXX_LIBRARY = "libc++";
				CLANG_ENABLE_MODULES = YES;
				CLANG_ENABLE_OBJC_ARC = YES;
				CLANG_WARN_BLOCK_CAPTURE_AUTORELEASING = YES;
				CLANG_WARN_BOOL_CONVERSION = YES;
				CLANG_WARN_COMMA = YES;
				CLANG_WARN_CONSTANT_CONVERSION = YES;
				CLANG_WARN_DIRECT_OBJC_ISA_USAGE = YES_ERROR;
				CLANG_WARN_DOCUMENTATION_COMMENTS = YES;
				CLANG_WARN_EMPTY_BODY = YES;
				CLANG_WARN_ENUM_CONVERSION = YES;
				CLANG_WARN_INFINITE_RECURSION = YES;
				CLANG_WARN_INT_CONVERSION = YES;
				CLANG_WARN_NON_LITERAL_NULL_CONVERSION = YES;
				CLANG_WARN_OBJC_LITERAL_CONVERSION = YES;
				CLANG_WARN_OBJC_ROOT_CLASS = YES_ERROR;
				CLANG_WARN_RANGE_LOOP_ANALYSIS = YES;
				CLANG_WARN_STRICT_PROTOTYPES = YES;
				CLANG_WARN_SUSPICIOUS_MOVE = YES;
				CLANG_WARN_UNGUARDED_AVAILABILITY = YES_AGGRESSIVE;
				CLANG_WARN_UNREACHABLE_CODE = YES;
				CLANG_WARN__DUPLICATE_METHOD_MATCH = YES;
				CODE_SIGN_IDENTITY = "iPhone Developer";
				COPY_PHASE_STRIP = NO;
				DEBUG_INFORMATION_FORMAT = "dwarf-with-dsym";
				ENABLE_NS_ASSERTIONS = NO;
				ENABLE_STRICT_OBJC_MSGSEND = YES;
				GCC_C_LANGUAGE_STANDARD = gnu11;
				GCC_NO_COMMON_BLOCKS = YES;
				GCC_WARN_64_TO_32_BIT_CONVERSION = YES;
				GCC_WARN_ABOUT_RETURN_TYPE = YES_ERROR;
				GCC_WARN_UNDECLARED_SELECTOR = YES;
				GCC_WARN_UNINITIALIZED_AUTOS = YES_AGGRESSIVE;
				GCC_WARN_UNUSED_FUNCTION = YES;
				GCC_WARN_UNUSED_VARIABLE = YES;
				IPHONEOS_DEPLOYMENT_TARGET = 11.0;
				MTL_ENABLE_DEBUG_INFO = NO;
				SDKROOT = iphoneos;
				SWIFT_OPTIMIZATION_LEVEL = "-Owholemodule";
				VALIDATE_PRODUCT = YES;
			};
			name = Release;
		};
		7F9E3CE11F8D2F5F006378F0 /* Debug */ = {
			isa = XCBuildConfiguration;
			baseConfigurationReference = BB0BCCCAB0B5F6628DBBB6C2 /* Pods-Invite.debug.xcconfig */;
			buildSettings = {
				ASSETCATALOG_COMPILER_APPICON_NAME = AppIcon;
				CODE_SIGN_STYLE = Automatic;
				DEVELOPMENT_TEAM = S58FZLDBPQ;
				FRAMEWORK_SEARCH_PATHS = (
					"$(inherited)",
					"$(PROJECT_DIR)",
				);
				INFOPLIST_FILE = Invite/Info.plist;
				LD_RUNPATH_SEARCH_PATHS = "$(inherited) @executable_path/Frameworks";
				PRODUCT_BUNDLE_IDENTIFIER = dom.Invite;
				PRODUCT_NAME = "$(TARGET_NAME)";
				SWIFT_VERSION = 4.0;
				TARGETED_DEVICE_FAMILY = "1,2";
			};
			name = Debug;
		};
		7F9E3CE21F8D2F5F006378F0 /* Release */ = {
			isa = XCBuildConfiguration;
			baseConfigurationReference = 483F22F6F54B72CD3631CDF1 /* Pods-Invite.release.xcconfig */;
			buildSettings = {
				ASSETCATALOG_COMPILER_APPICON_NAME = AppIcon;
				CODE_SIGN_STYLE = Automatic;
				DEVELOPMENT_TEAM = S58FZLDBPQ;
				FRAMEWORK_SEARCH_PATHS = (
					"$(inherited)",
					"$(PROJECT_DIR)",
				);
				INFOPLIST_FILE = Invite/Info.plist;
				LD_RUNPATH_SEARCH_PATHS = "$(inherited) @executable_path/Frameworks";
				PRODUCT_BUNDLE_IDENTIFIER = dom.Invite;
				PRODUCT_NAME = "$(TARGET_NAME)";
				SWIFT_VERSION = 4.0;
				TARGETED_DEVICE_FAMILY = "1,2";
			};
			name = Release;
		};
/* End XCBuildConfiguration section */

/* Begin XCConfigurationList section */
		7F9E3CC91F8D2F5F006378F0 /* Build configuration list for PBXProject "Invite" */ = {
			isa = XCConfigurationList;
			buildConfigurations = (
				7F9E3CDE1F8D2F5F006378F0 /* Debug */,
				7F9E3CDF1F8D2F5F006378F0 /* Release */,
			);
			defaultConfigurationIsVisible = 0;
			defaultConfigurationName = Release;
		};
		7F9E3CE01F8D2F5F006378F0 /* Build configuration list for PBXNativeTarget "Invite" */ = {
			isa = XCConfigurationList;
			buildConfigurations = (
				7F9E3CE11F8D2F5F006378F0 /* Debug */,
				7F9E3CE21F8D2F5F006378F0 /* Release */,
			);
			defaultConfigurationIsVisible = 0;
			defaultConfigurationName = Release;
		};
/* End XCConfigurationList section */
	};
	rootObject = 7F9E3CC61F8D2F5F006378F0 /* Project object */;
}
